
Microsoft Visual Studio Solution File, Format Version 12.00
# Visual Studio Version 17
VisualStudioVersion = 17.12.35506.116 d17.12
MinimumVisualStudioVersion = 10.0.40219.1
Project("{FAE04EC0-301F-11D3-BF4B-00C04F79EFBC}") = "ErrorOr", "src\ErrorOr.csproj", "{19633D81-11FE-4C55-AA8D-452D20EEEF98}"
EndProject
Project("{FAE04EC0-301F-11D3-BF4B-00C04F79EFBC}") = "Tests", "tests\Tests.csproj", "{0E84EC69-4E4C-4195-907D-06C96D0140A6}"
EndProject
Project("{2150E333-8FDC-42A3-9474-1A3956D46DE8}") = "Solution Items", "Solution Items", "{A4DFA7E9-316A-49BD-906D-024A954CEFD0}"
	ProjectSection(SolutionItems) = preProject
		.editorconfig = .editorconfig
		.gitignore = .gitignore
		CHANGELOG.md = CHANGELOG.md
		Directory.Build.props = Directory.Build.props
		LICENSE.md = LICENSE.md
		README.md = README.md
	EndProjectSection
EndProject
Global
	GlobalSection(SolutionConfigurationPlatforms) = preSolution
		Debug|Any CPU = Debug|Any CPU
		Release|Any CPU = Release|Any CPU
	EndGlobalSection
	GlobalSection(ProjectConfigurationPlatforms) = postSolution
		{19633D81-11FE-4C55-AA8D-452D20EEEF98}.Debug|Any CPU.ActiveCfg = Debug|Any CPU
		{19633D81-11FE-4C55-AA8D-452D20EEEF98}.Debug|Any CPU.Build.0 = Debug|Any CPU
		{19633D81-11FE-4C55-AA8D-452D20EEEF98}.Release|Any CPU.ActiveCfg = Release|Any CPU
		{19633D81-11FE-4C55-AA8D-452D20EEEF98}.Release|Any CPU.Build.0 = Release|Any CPU
		{0E84EC69-4E4C-4195-907D-06C96D0140A6}.Debug|Any CPU.ActiveCfg = Debug|Any CPU
		{0E84EC69-4E4C-4195-907D-06C96D0140A6}.Debug|Any CPU.Build.0 = Debug|Any CPU
		{0E84EC69-4E4C-4195-907D-06C96D0140A6}.Release|Any CPU.ActiveCfg = Release|Any CPU
		{0E84EC69-4E4C-4195-907D-06C96D0140A6}.Release|Any CPU.Build.0 = Release|Any CPU
	EndGlobalSection
	GlobalSection(SolutionProperties) = preSolution
		HideSolutionNode = FALSE
	EndGlobalSection
EndGlobal
